
Microsoft Visual Studio Solution File, Format Version 12.00
# Visual Studio Version 17
VisualStudioVersion = 17.6.33815.320
MinimumVisualStudioVersion = 10.0.40219.1
Project("{FAE04EC0-301F-11D3-BF4B-00C04F79EFBC}") = "ModdedItemPoolEditor", "ModdedItemPoolEditor.csproj", "{A87B23E9-BDD8-433A-A7AD-4C1D8092B48B}"
EndProject
Global
	GlobalSection(SolutionConfigurationPlatforms) = preSolution
		Debug|Any CPU = Debug|Any CPU
		Release|Any CPU = Release|Any CPU
	EndGlobalSection
	GlobalSection(ProjectConfigurationPlatforms) = postSolution
		{A87B23E9-BDD8-433A-A7AD-4C1D8092B48B}.Debug|Any CPU.ActiveCfg = Debug|Any CPU
		{A87B23E9-BDD8-433A-A7AD-4C1D8092B48B}.Debug|Any CPU.Build.0 = Debug|Any CPU
		{A87B23E9-BDD8-433A-A7AD-4C1D8092B48B}.Release|Any CPU.ActiveCfg = Release|Any CPU
		{A87B23E9-BDD8-433A-A7AD-4C1D8092B48B}.Release|Any CPU.Build.0 = Release|Any CPU
	EndGlobalSection
	GlobalSection(SolutionProperties) = preSolution
		HideSolutionNode = FALSE
	EndGlobalSection
	GlobalSection(ExtensibilityGlobals) = postSolution
		SolutionGuid = {8A323E48-09B3-4367-AA31-9FE2357D2DBA}
	EndGlobalSection
EndGlobal
